# This file is automatically @generated by Cargo.
# It is not intended for manual editing.
version = 4

[[package]]
name = "gossip-connectors"
version = "0.1.0"
dependencies = [
 "gossip-contracts",
]

[[package]]
name = "gossip-contracts"
version = "0.1.0"

[[package]]
name = "gossip-coordination"
version = "0.1.0"
dependencies = [
 "gossip-contracts",
]

[[package]]
name = "gossip-engine"
version = "0.1.0"
dependencies = [
 "gossip-contracts",
]

[[package]]
name = "gossip-scan-pipeline"
version = "0.1.0"
dependencies = [
 "gossip-contracts",
 "gossip-engine",
]

[[package]]
name = "gossip-worker"
version = "0.1.0"
dependencies = [
 "gossip-connectors",
 "gossip-contracts",
 "gossip-coordination",
 "gossip-engine",
 "gossip-scan-pipeline",
]
